
Microsoft Visual Studio Solution File, Format Version 12.00
# Visual Studio Version 17
VisualStudioVersion = 17.11.35219.272
MinimumVisualStudioVersion = 10.0.40219.1
Project("{8BC9CEB8-8B4A-11D0-8D11-00A0C91BC942}") = "Overlapped_model(Event)", "Overlapped_model(Event)\Overlapped_model(Event).vcxproj", "{CA4FA48F-99CF-46CD-B9F1-6F7186326C40}"
EndProject
Project("{8BC9CEB8-8B4A-11D0-8D11-00A0C91BC942}") = "Dummy_client", "Dummy_client\Dummy_client.vcxproj", "{9EC3B84F-8F74-4861-9EC6-3EA4BD7F8408}"
EndProject
Global
	GlobalSection(SolutionConfigurationPlatforms) = preSolution
		Debug|x64 = Debug|x64
		Debug|x86 = Debug|x86
		Release|x64 = Release|x64
		Release|x86 = Release|x86
	EndGlobalSection
	GlobalSection(ProjectConfigurationPlatforms) = postSolution
		{CA4FA48F-99CF-46CD-B9F1-6F7186326C40}.Debug|x64.ActiveCfg = Debug|x64
		{CA4FA48F-99CF-46CD-B9F1-6F7186326C40}.Debug|x64.Build.0 = Debug|x64
		{CA4FA48F-99CF-46CD-B9F1-6F7186326C40}.Debug|x86.ActiveCfg = Debug|Win32
		{CA4FA48F-99CF-46CD-B9F1-6F7186326C40}.Debug|x86.Build.0 = Debug|Win32
		{CA4FA48F-99CF-46CD-B9F1-6F7186326C40}.Release|x64.ActiveCfg = Release|x64
		{CA4FA48F-99CF-46CD-B9F1-6F7186326C40}.Release|x64.Build.0 = Release|x64
		{CA4FA48F-99CF-46CD-B9F1-6F7186326C40}.Release|x86.ActiveCfg = Release|Win32
		{CA4FA48F-99CF-46CD-B9F1-6F7186326C40}.Release|x86.Build.0 = Release|Win32
		{9EC3B84F-8F74-4861-9EC6-3EA4BD7F8408}.Debug|x64.ActiveCfg = Debug|x64
		{9EC3B84F-8F74-4861-9EC6-3EA4BD7F8408}.Debug|x64.Build.0 = Debug|x64
		{9EC3B84F-8F74-4861-9EC6-3EA4BD7F8408}.Debug|x86.ActiveCfg = Debug|Win32
		{9EC3B84F-8F74-4861-9EC6-3EA4BD7F8408}.Debug|x86.Build.0 = Debug|Win32
		{9EC3B84F-8F74-4861-9EC6-3EA4BD7F8408}.Release|x64.ActiveCfg = Release|x64
		{9EC3B84F-8F74-4861-9EC6-3EA4BD7F8408}.Release|x64.Build.0 = Release|x64
		{9EC3B84F-8F74-4861-9EC6-3EA4BD7F8408}.Release|x86.ActiveCfg = Release|Win32
		{9EC3B84F-8F74-4861-9EC6-3EA4BD7F8408}.Release|x86.Build.0 = Release|Win32
	EndGlobalSection
	GlobalSection(SolutionProperties) = preSolution
		HideSolutionNode = FALSE
	EndGlobalSection
	GlobalSection(ExtensibilityGlobals) = postSolution
		SolutionGuid = {B09ACA7F-35BD-44EC-BD36-7823189C5331}
	EndGlobalSection
EndGlobal
